<?xml version="1.0" encoding="utf-8"?>
<Project ToolsVersion="4.0" xmlns="http://schemas.microsoft.com/developer/msbuild/2003">
  <ItemGroup>
    <Filter Include="Utility">
      <UniqueIdentifier>{d4adcefb-e2f6-4bb3-b869-ceb4a6c78313}</UniqueIdentifier>
    </Filter>
    <Filter Include="GUI">
      <UniqueIdentifier>{4d1434d9-abe0-4b57-843b-70f6c3a68a1a}</UniqueIdentifier>
    </Filter>
    <Filter Include="GUI\Imgui">
      <UniqueIdentifier>{f759aa3f-39bc-4cc4-9a00-25bfe25eb2b5}</UniqueIdentifier>
    </Filter>
    <Filter Include="Main">
      <UniqueIdentifier>{398b78a9-6129-4e08-90b4-cf4b8133ffe6}</UniqueIdentifier>
    </Filter>
    <Filter Include="Editor">
      <UniqueIdentifier>{78d146f9-0a67-4873-ab75-60b893136e70}</UniqueIdentifier>
    </Filter>
    <Filter Include="Shaders">
      <UniqueIdentifier>{99d4fb26-4cdd-4558-8ca8-9ff798385744}</UniqueIdentifier>
    </Filter>
    <Filter Include="Utility\Resources">
      <UniqueIdentifier>{4be8be3f-1857-4e3c-a2bb-13ec817225a0}</UniqueIdentifier>
    </Filter>
    <Filter Include="Utility\Input">
      <UniqueIdentifier>{56309eb7-b2fa-428b-a818-8e55b947d259}</UniqueIdentifier>
    </Filter>
  </ItemGroup>
  <ItemGroup>
    <ClCompile Include="externals\imgui\include\imgui_draw.cpp">
      <Filter>GUI\Imgui</Filter>
    </ClCompile>
    <ClCompile Include="externals\imgui\include\imgui.cpp">
      <Filter>GUI\Imgui</Filter>
    </ClCompile>
    <ClCompile Include="externals\imgui\include\imgui_dock.cpp">
      <Filter>GUI\Imgui</Filter>
    </ClCompile>
    <ClCompile Include="src\main.cpp">
      <Filter>Main</Filter>
    </ClCompile>
    <ClCompile Include="src\graphics\Application.cpp">
      <Filter>Editor</Filter>
    </ClCompile>
    <ClCompile Include="externals\imgui\include\imgui_impl_dx11.cpp">
      <Filter>GUI\Imgui</Filter>
    </ClCompile>
    <ClCompile Include="src\graphics\Model.cpp">
      <Filter>Utility</Filter>
    </ClCompile>
    <ClCompile Include="src\utils\Buffer.cpp">
      <Filter>Utility\Resources</Filter>
    </ClCompile>
    <ClCompile Include="src\utils\RenderTexture.cpp">
      <Filter>Utility\Resources</Filter>
    </ClCompile>
    <ClCompile Include="src\utils\Shader.cpp">
      <Filter>Utility\Resources</Filter>
    </ClCompile>
    <ClCompile Include="src\utils\Input.cpp">
      <Filter>Utility\Input</Filter>
    </ClCompile>
    <ClCompile Include="src\utils\Camera.cpp">
      <Filter>Utility</Filter>
    </ClCompile>
  </ItemGroup>
  <ItemGroup>
    <ClInclude Include="src\utils\D3DUtility.hpp">
      <Filter>Utility</Filter>
    </ClInclude>
    <ClInclude Include="src\graphics\Application.hpp">
      <Filter>Editor</Filter>
    </ClInclude>
    <ClInclude Include="src\graphics\Model.hpp">
      <Filter>Utility</Filter>
    </ClInclude>
    <ClInclude Include="src\utils\Buffer.hpp">
      <Filter>Utility\Resources</Filter>
    </ClInclude>
    <ClInclude Include="src\utils\RenderTexture.hpp">
      <Filter>Utility\Resources</Filter>
    </ClInclude>
    <ClInclude Include="src\utils\Shader.hpp">
      <Filter>Utility\Resources</Filter>
    </ClInclude>
    <ClInclude Include="src\utils\Input.hpp">
      <Filter>Utility\Input</Filter>
    </ClInclude>
    <ClInclude Include="src\utils\Camera.hpp">
      <Filter>Utility</Filter>
    </ClInclude>
  </ItemGroup>
  <ItemGroup>
    <None Include="imgui.ini">
      <Filter>GUI\Imgui</Filter>
    </None>
  </ItemGroup>
  <ItemGroup>
    <FxCompile Include="src\res\shaders\Primitive.hlsl">
      <Filter>Shaders</Filter>
    </FxCompile>
  </ItemGroup>
</Project>